
Microsoft Visual Studio Solution File, Format Version 12.00
# Visual Studio Version 17
VisualStudioVersion = 17.7.34031.279
MinimumVisualStudioVersion = 10.0.40219.1
Project("{FAE04EC0-301F-11D3-BF4B-00C04F79EFBC}") = "UniLoCar", "UniAloCar\UniLoCar.csproj", "{5689580E-4921-4CC1-9B00-5C304B28E08B}"
EndProject
Global
	GlobalSection(SolutionConfigurationPlatforms) = preSolution
		Debug|Any CPU = Debug|Any CPU
		Release|Any CPU = Release|Any CPU
	EndGlobalSection
	GlobalSection(ProjectConfigurationPlatforms) = postSolution
		{5689580E-4921-4CC1-9B00-5C304B28E08B}.Debug|Any CPU.ActiveCfg = Debug|Any CPU
		{5689580E-4921-4CC1-9B00-5C304B28E08B}.Debug|Any CPU.Build.0 = Debug|Any CPU
		{5689580E-4921-4CC1-9B00-5C304B28E08B}.Release|Any CPU.ActiveCfg = Release|Any CPU
		{5689580E-4921-4CC1-9B00-5C304B28E08B}.Release|Any CPU.Build.0 = Release|Any CPU
	EndGlobalSection
	GlobalSection(SolutionProperties) = preSolution
		HideSolutionNode = FALSE
	EndGlobalSection
	GlobalSection(ExtensibilityGlobals) = postSolution
		SolutionGuid = {A5323BB1-B574-4F9F-8991-7EC9DD65C74C}
	EndGlobalSection
EndGlobal
